
Microsoft Visual Studio Solution File, Format Version 12.00
# Visual Studio Version 16
VisualStudioVersion = 16.0.31911.196
MinimumVisualStudioVersion = 10.0.40219.1
Project("{FAE04EC0-301F-11D3-BF4B-00C04F79EFBC}") = "Array", "Array.csproj", "{DBE76E43-3B77-48BB-ABAE-C76C1CFD6C07}"
EndProject
Global
	GlobalSection(SolutionConfigurationPlatforms) = preSolution
		Debug|Any CPU = Debug|Any CPU
		Release|Any CPU = Release|Any CPU
	EndGlobalSection
	GlobalSection(ProjectConfigurationPlatforms) = postSolution
		{DBE76E43-3B77-48BB-ABAE-C76C1CFD6C07}.Debug|Any CPU.ActiveCfg = Debug|Any CPU
		{DBE76E43-3B77-48BB-ABAE-C76C1CFD6C07}.Debug|Any CPU.Build.0 = Debug|Any CPU
		{DBE76E43-3B77-48BB-ABAE-C76C1CFD6C07}.Release|Any CPU.ActiveCfg = Release|Any CPU
		{DBE76E43-3B77-48BB-ABAE-C76C1CFD6C07}.Release|Any CPU.Build.0 = Release|Any CPU
	EndGlobalSection
	GlobalSection(SolutionProperties) = preSolution
		HideSolutionNode = FALSE
	EndGlobalSection
	GlobalSection(ExtensibilityGlobals) = postSolution
		SolutionGuid = {28C81802-45D5-44FC-88C1-0F1AEBCE507B}
	EndGlobalSection
EndGlobal
