
Microsoft Visual Studio Solution File, Format Version 12.00
# Visual Studio Version 16
VisualStudioVersion = 16.0.31911.196
MinimumVisualStudioVersion = 10.0.40219.1
Project("{FAE04EC0-301F-11D3-BF4B-00C04F79EFBC}") = "Ex2Hile", "Ex2Hile.csproj", "{AB93F5C4-F1F1-49A7-820D-D8E6A1A3907C}"
EndProject
Global
	GlobalSection(SolutionConfigurationPlatforms) = preSolution
		Debug|Any CPU = Debug|Any CPU
		Release|Any CPU = Release|Any CPU
	EndGlobalSection
	GlobalSection(ProjectConfigurationPlatforms) = postSolution
		{AB93F5C4-F1F1-49A7-820D-D8E6A1A3907C}.Debug|Any CPU.ActiveCfg = Debug|Any CPU
		{AB93F5C4-F1F1-49A7-820D-D8E6A1A3907C}.Debug|Any CPU.Build.0 = Debug|Any CPU
		{AB93F5C4-F1F1-49A7-820D-D8E6A1A3907C}.Release|Any CPU.ActiveCfg = Release|Any CPU
		{AB93F5C4-F1F1-49A7-820D-D8E6A1A3907C}.Release|Any CPU.Build.0 = Release|Any CPU
	EndGlobalSection
	GlobalSection(SolutionProperties) = preSolution
		HideSolutionNode = FALSE
	EndGlobalSection
	GlobalSection(ExtensibilityGlobals) = postSolution
		SolutionGuid = {76B92806-5EF5-4A19-86C2-FEF80F3057D9}
	EndGlobalSection
EndGlobal
