
Microsoft Visual Studio Solution File, Format Version 12.00
# Visual Studio Version 16
VisualStudioVersion = 16.0.31911.196
MinimumVisualStudioVersion = 10.0.40219.1
Project("{FAE04EC0-301F-11D3-BF4B-00C04F79EFBC}") = "Ex1For", "Ex1For.csproj", "{CF0F6B62-1086-43BA-B567-F199E7AE2E7F}"
EndProject
Global
	GlobalSection(SolutionConfigurationPlatforms) = preSolution
		Debug|Any CPU = Debug|Any CPU
		Release|Any CPU = Release|Any CPU
	EndGlobalSection
	GlobalSection(ProjectConfigurationPlatforms) = postSolution
		{CF0F6B62-1086-43BA-B567-F199E7AE2E7F}.Debug|Any CPU.ActiveCfg = Debug|Any CPU
		{CF0F6B62-1086-43BA-B567-F199E7AE2E7F}.Debug|Any CPU.Build.0 = Debug|Any CPU
		{CF0F6B62-1086-43BA-B567-F199E7AE2E7F}.Release|Any CPU.ActiveCfg = Release|Any CPU
		{CF0F6B62-1086-43BA-B567-F199E7AE2E7F}.Release|Any CPU.Build.0 = Release|Any CPU
	EndGlobalSection
	GlobalSection(SolutionProperties) = preSolution
		HideSolutionNode = FALSE
	EndGlobalSection
	GlobalSection(ExtensibilityGlobals) = postSolution
		SolutionGuid = {0B0DD060-12BE-4FA3-8737-5BBBE4D8D3B8}
	EndGlobalSection
EndGlobal
