
Microsoft Visual Studio Solution File, Format Version 12.00
# Visual Studio Version 16
VisualStudioVersion = 16.0.31911.196
MinimumVisualStudioVersion = 10.0.40219.1
Project("{FAE04EC0-301F-11D3-BF4B-00C04F79EFBC}") = "Triangulo", "Triangulo.csproj", "{7F86A1AA-E85A-4B3E-B6B6-C1A8F6F05D43}"
EndProject
Global
	GlobalSection(SolutionConfigurationPlatforms) = preSolution
		Debug|Any CPU = Debug|Any CPU
		Release|Any CPU = Release|Any CPU
	EndGlobalSection
	GlobalSection(ProjectConfigurationPlatforms) = postSolution
		{7F86A1AA-E85A-4B3E-B6B6-C1A8F6F05D43}.Debug|Any CPU.ActiveCfg = Debug|Any CPU
		{7F86A1AA-E85A-4B3E-B6B6-C1A8F6F05D43}.Debug|Any CPU.Build.0 = Debug|Any CPU
		{7F86A1AA-E85A-4B3E-B6B6-C1A8F6F05D43}.Release|Any CPU.ActiveCfg = Release|Any CPU
		{7F86A1AA-E85A-4B3E-B6B6-C1A8F6F05D43}.Release|Any CPU.Build.0 = Release|Any CPU
	EndGlobalSection
	GlobalSection(SolutionProperties) = preSolution
		HideSolutionNode = FALSE
	EndGlobalSection
	GlobalSection(ExtensibilityGlobals) = postSolution
		SolutionGuid = {C4B7DE06-E97C-4C12-8868-FC31EE056AC2}
	EndGlobalSection
EndGlobal
